
Microsoft Visual Studio Solution File, Format Version 12.00
# Visual Studio Version 17
VisualStudioVersion = 17.3.32922.545
MinimumVisualStudioVersion = 10.0.40219.1
Project("{8BC9CEB8-8B4A-11D0-8D11-00A0C91BC942}") = "HelloWorld", "HelloWorld\HelloWorld.vcxproj", "{93CDEDE1-112D-4E16-9E31-EACEA13CDD9B}"
EndProject
Global
	GlobalSection(SolutionConfigurationPlatforms) = preSolution
		Debug|x64 = Debug|x64
		Debug|x86 = Debug|x86
		Release|x64 = Release|x64
		Release|x86 = Release|x86
	EndGlobalSection
	GlobalSection(ProjectConfigurationPlatforms) = postSolution
		{93CDEDE1-112D-4E16-9E31-EACEA13CDD9B}.Debug|x64.ActiveCfg = Debug|x64
		{93CDEDE1-112D-4E16-9E31-EACEA13CDD9B}.Debug|x64.Build.0 = Debug|x64
		{93CDEDE1-112D-4E16-9E31-EACEA13CDD9B}.Debug|x86.ActiveCfg = Debug|Win32
		{93CDEDE1-112D-4E16-9E31-EACEA13CDD9B}.Debug|x86.Build.0 = Debug|Win32
		{93CDEDE1-112D-4E16-9E31-EACEA13CDD9B}.Release|x64.ActiveCfg = Release|x64
		{93CDEDE1-112D-4E16-9E31-EACEA13CDD9B}.Release|x64.Build.0 = Release|x64
		{93CDEDE1-112D-4E16-9E31-EACEA13CDD9B}.Release|x86.ActiveCfg = Release|Win32
		{93CDEDE1-112D-4E16-9E31-EACEA13CDD9B}.Release|x86.Build.0 = Release|Win32
	EndGlobalSection
	GlobalSection(SolutionProperties) = preSolution
		HideSolutionNode = FALSE
	EndGlobalSection
	GlobalSection(ExtensibilityGlobals) = postSolution
		SolutionGuid = {BF70DE9F-C4AA-43F5-9D8F-52E093AFC824}
	EndGlobalSection
EndGlobal
